github.com/cyverse-de/p v0.0.0-20250613173632-282887a35135 h1:HDucNpqtUet0UCVHQThJJs90Yg3jGyqPbW5sDxfseII=
github.com/cyverse-de/p v0.0.0-20250613173632-282887a35135/go.mod h1:JM04cBlOajBkOVfQOEbBD6QwmWyupji9J84wfUA+LTc=
github.com/cyverse-de/p/go/containers v0.0.2 h1:PIpw5KHC6A85KeloHms86zG5ADVAQXjsP05n8KEWeXE=
github.com/cyverse-de/p/go/containers v0.0.2/go.mod h1:Yzjby5JYINnpPkLadB0G+zFvxAzCx6V2vqyL170E33U=
github.com/cyverse-de/p/go/header v0.0.4 h1:asY/uixi9rCqbDLq2G21CT7WJRaendBfr1z2YTuK2hk=
github.com/cyverse-de/p/go/header v0.0.4/go.mod h1:1j79PqvJyMRmXXKyW4KbZWGQNontm0B9smsaq5t5Ct8=
github.com/cyverse-de/p/go/svcerror v0.0.8 h1:UE06rE31kk7OcciTQlZfrJTFlC9AMTfNf6JKll41u0U=
github.com/cyverse-de/p/go/svcerror v0.0.8/go.mod h1:0h/BngUR9cTV86LYqHMkdREFcxJuMyOJV6f3u6Un4LQ=
github.com/cyverse-de/p/go/user v0.0.11 h1:VM2WGrdvcmDLwwjUJpCbrhC5te8xFY8f71ALFO2N7LI=
github.com/cyverse-de/p/go/user v0.0.11/go.mod h1:g6Gl6+Zv0PlZMoydO2cBmLFTLwQs39gYauboxp769KE=
github.com/google/go-cmp v0.7.0 h1:wk8382ETsv4JYUZwIsn6YpYiWiBsYLSJiTsyBybVuN8=
github.com/google/go-cmp v0.7.0/go.mod h1:pXiqmnSA92OHEEa9HXL2W4E7lf9JzCmGVUdgjX3N/iU=
google.golang.org/protobuf v1.36.11 h1:fV6ZwhNocDyBLK0dj+fg8ektcVegBBuEolpbTQyBNVE=
google.golang.org/protobuf v1.36.11/go.mod h1:HTf+CrKn2C3g5S8VImy6tdcUvCska2kB7j23XfzDpco=
