github.com/cyverse-de/p v0.0.0-20240223223228-03388b51a533 h1:AGocmfW3Npo1yAoO79I4T8jkAhZoZ2qlKhCV1VNRKvo=
github.com/cyverse-de/p v0.0.0-20240223223228-03388b51a533/go.mod h1:JM04cBlOajBkOVfQOEbBD6QwmWyupji9J84wfUA+LTc=
github.com/cyverse-de/p/go/containers v0.0.2 h1:PIpw5KHC6A85KeloHms86zG5ADVAQXjsP05n8KEWeXE=
github.com/cyverse-de/p/go/containers v0.0.2/go.mod h1:Yzjby5JYINnpPkLadB0G+zFvxAzCx6V2vqyL170E33U=
github.com/cyverse-de/p/go/header v0.0.4 h1:asY/uixi9rCqbDLq2G21CT7WJRaendBfr1z2YTuK2hk=
github.com/cyverse-de/p/go/header v0.0.4/go.mod h1:1j79PqvJyMRmXXKyW4KbZWGQNontm0B9smsaq5t5Ct8=
github.com/cyverse-de/p/go/svcerror v0.0.8 h1:UE06rE31kk7OcciTQlZfrJTFlC9AMTfNf6JKll41u0U=
github.com/cyverse-de/p/go/svcerror v0.0.8/go.mod h1:0h/BngUR9cTV86LYqHMkdREFcxJuMyOJV6f3u6Un4LQ=
github.com/cyverse-de/p/go/user v0.0.11 h1:VM2WGrdvcmDLwwjUJpCbrhC5te8xFY8f71ALFO2N7LI=
github.com/cyverse-de/p/go/user v0.0.11/go.mod h1:g6Gl6+Zv0PlZMoydO2cBmLFTLwQs39gYauboxp769KE=
github.com/google/go-cmp v0.5.5 h1:Khx7svrCpmxxtHBq5j2mp/xVjsi8hQMfNLvJFAlrGgU=
golang.org/x/xerrors v0.0.0-20191204190536-9bdfabe68543 h1:E7g+9GITq07hpfrRu66IVDexMakfv52eLZ2CXBWiKr4=
google.golang.org/protobuf v1.32.0 h1:pPC6BG5ex8PDFnkbrGU3EixyhKcQ2aDuBS36lqK/C7I=
google.golang.org/protobuf v1.32.0/go.mod h1:c6P6GXX6sHbq/GpV6MGZEdwhWPcYBgnhAHhKbcUYpos=
