github.com/cyverse-de/p/go/apps v0.0.0-20230417204035-621d538d8e56 h1:XLOjyKDnzf8/X64rxaLO8wR5GCELu3jHxAYMANfNpsk=
github.com/cyverse-de/p/go/apps v0.0.0-20230417204035-621d538d8e56/go.mod h1:CfOTzBRo5GyLjxijsae0wngzSBeHA0AFKnVSJVjP5M4=
github.com/cyverse-de/p/go/header v0.0.1 h1:YgI0DLIOvL6m0LF22tFUk3OHLtW5NCuNiaGqwkxv64s=
github.com/cyverse-de/p/go/header v0.0.1/go.mod h1:VHHZzBOwFQLfIrfIjK1FJlaKy00m4CFGufx4LhVXd8Q=
github.com/cyverse-de/p/go/svcerror v0.0.5 h1:WbUcU4VjbNU0agfrHJOCy9orAY72WJWo92b1vR3+3sw=
github.com/cyverse-de/p/go/svcerror v0.0.5/go.mod h1:WCGIrhW0KXtSu86YhjU/JXG8LrZs5wJPBCH4wvnFYcQ=
github.com/cyverse-de/p/go/user v0.0.10 h1:Qnnm5+/fnzjuEcizogCePf7uqp1da8y6SIBzxbYx4UI=
github.com/cyverse-de/p/go/user v0.0.10/go.mod h1:9dzuoQ10RAtpkj3suR2wRHJDyBcgf1S6qAzZvpxAmH0=
github.com/golang/protobuf v1.5.0/go.mod h1:FsONVRAS9T7sI+LIUmWTfcYkHO4aIWwzhcaSAoJOfIk=
github.com/google/go-cmp v0.5.5 h1:Khx7svrCpmxxtHBq5j2mp/xVjsi8hQMfNLvJFAlrGgU=
github.com/google/go-cmp v0.5.5/go.mod h1:v8dTdLbMG2kIc/vJvl+f65V22dbkXbowE6jgT/gNBxE=
golang.org/x/xerrors v0.0.0-20191204190536-9bdfabe68543 h1:E7g+9GITq07hpfrRu66IVDexMakfv52eLZ2CXBWiKr4=
golang.org/x/xerrors v0.0.0-20191204190536-9bdfabe68543/go.mod h1:I/5z698sn9Ka8TeJc9MKroUUfqBBauWjQqLJ2OPfmY0=
google.golang.org/protobuf v1.26.0-rc.1/go.mod h1:jlhhOSvTdKEhbULTjvd4ARK9grFBp09yW+WbY/TyQbw=
google.golang.org/protobuf v1.30.0 h1:kPPoIgf3TsEvrm0PFe15JQ+570QVxYzEvvHqChK+cng=
google.golang.org/protobuf v1.30.0/go.mod h1:HV8QOd/L58Z+nl8r43ehVNZIU/HEI6OcFqwMG9pJV4I=
